
Microsoft Visual Studio Solution File, Format Version 12.00
# Visual Studio Version 17
VisualStudioVersion = 17.6.33723.286
MinimumVisualStudioVersion = 10.0.40219.1
Project("{FAE04EC0-301F-11D3-BF4B-00C04F79EFBC}") = "RZAZoo", "RZAZoo\RZAZoo.csproj", "{50D9EE4E-7257-4DF5-A3C9-880A26F06324}"
EndProject
Global
	GlobalSection(SolutionConfigurationPlatforms) = preSolution
		Debug|Any CPU = Debug|Any CPU
		Release|Any CPU = Release|Any CPU
	EndGlobalSection
	GlobalSection(ProjectConfigurationPlatforms) = postSolution
		{50D9EE4E-7257-4DF5-A3C9-880A26F06324}.Debug|Any CPU.ActiveCfg = Debug|Any CPU
		{50D9EE4E-7257-4DF5-A3C9-880A26F06324}.Debug|Any CPU.Build.0 = Debug|Any CPU
		{50D9EE4E-7257-4DF5-A3C9-880A26F06324}.Release|Any CPU.ActiveCfg = Release|Any CPU
		{50D9EE4E-7257-4DF5-A3C9-880A26F06324}.Release|Any CPU.Build.0 = Release|Any CPU
	EndGlobalSection
	GlobalSection(SolutionProperties) = preSolution
		HideSolutionNode = FALSE
	EndGlobalSection
	GlobalSection(ExtensibilityGlobals) = postSolution
		SolutionGuid = {D8B7A6A4-F7CF-4B4B-8489-C6BB35F7F13C}
	EndGlobalSection
EndGlobal
